// !$*UTF8*$!
{
	archiveVersion = 1;
	classes = {
	};
	objectVersion = 48;
	objects = {

/* Begin PBXBuildFile section */
		837EC866204DA44D008F6BFD /* AppDelegate.swift in Sources */ = {isa = PBXBuildFile; fileRef = 837EC865204DA44D008F6BFD /* AppDelegate.swift */; };
		837EC868204DA44D008F6BFD /* art.scnassets in Resources */ = {isa = PBXBuildFile; fileRef = 837EC867204DA44D008F6BFD /* art.scnassets */; };
		837EC86A204DA44D008F6BFD /* ARViewController.swift in Sources */ = {isa = PBXBuildFile; fileRef = 837EC869204DA44D008F6BFD /* ARViewController.swift */; };
		837EC86D204DA44D008F6BFD /* Main.storyboard in Resources */ = {isa = PBXBuildFile; fileRef = 837EC86B204DA44D008F6BFD /* Main.storyboard */; };
		837EC86F204DA44D008F6BFD /* Assets.xcassets in Resources */ = {isa = PBXBuildFile; fileRef = 837EC86E204DA44D008F6BFD /* Assets.xcassets */; };
		837EC872204DA44D008F6BFD /* LaunchScreen.storyboard in Resources */ = {isa = PBXBuildFile; fileRef = 837EC870204DA44D008F6BFD /* LaunchScreen.storyboard */; };
		837EC87D204DA44D008F6BFD /* Cybe_WorldTests.swift in Sources */ = {isa = PBXBuildFile; fileRef = 837EC87C204DA44D008F6BFD /* Cybe_WorldTests.swift */; };
		837EC888204DA44D008F6BFD /* Cybe_WorldUITests.swift in Sources */ = {isa = PBXBuildFile; fileRef = 837EC887204DA44D008F6BFD /* Cybe_WorldUITests.swift */; };
		837EC896204DA629008F6BFD /* RandomPoint.swift in Sources */ = {isa = PBXBuildFile; fileRef = 837EC895204DA629008F6BFD /* RandomPoint.swift */; };
		837EC898204DB1AC008F6BFD /* MapViewController.swift in Sources */ = {isa = PBXBuildFile; fileRef = 837EC897204DB1AC008F6BFD /* MapViewController.swift */; };
/* End PBXBuildFile section */

/* Begin PBXContainerItemProxy section */
		837EC879204DA44D008F6BFD /* PBXContainerItemProxy */ = {
			isa = PBXContainerItemProxy;
			containerPortal = 837EC85A204DA44D008F6BFD /* Project object */;
			proxyType = 1;
			remoteGlobalIDString = 837EC861204DA44D008F6BFD;
			remoteInfo = "Cybe World";
		};
		837EC884204DA44D008F6BFD /* PBXContainerItemProxy */ = {
			isa = PBXContainerItemProxy;
			containerPortal = 837EC85A204DA44D008F6BFD /* Project object */;
			proxyType = 1;
			remoteGlobalIDString = 837EC861204DA44D008F6BFD;
			remoteInfo = "Cybe World";
		};
/* End PBXContainerItemProxy section */

/* Begin PBXFileReference section */
		837EC862204DA44D008F6BFD /* Cybe World.app */ = {isa = PBXFileReference; explicitFileType = wrapper.application; includeInIndex = 0; path = "Cybe World.app"; sourceTree = BUILT_PRODUCTS_DIR; };
		837EC865204DA44D008F6BFD /* AppDelegate.swift */ = {isa = PBXFileReference; lastKnownFileType = sourcecode.swift; path = AppDelegate.swift; sourceTree = "<group>"; };
		837EC867204DA44D008F6BFD /* art.scnassets */ = {isa = PBXFileReference; lastKnownFileType = wrapper.scnassets; path = art.scnassets; sourceTree = "<group>"; };
		837EC869204DA44D008F6BFD /* ARViewController.swift */ = {isa = PBXFileReference; lastKnownFileType = sourcecode.swift; path = ARViewController.swift; sourceTree = "<group>"; };
		837EC86C204DA44D008F6BFD /* Base */ = {isa = PBXFileReference; lastKnownFileType = file.storyboard; name = Base; path = Base.lproj/Main.storyboard; sourceTree = "<group>"; };
		837EC86E204DA44D008F6BFD /* Assets.xcassets */ = {isa = PBXFileReference; lastKnownFileType = folder.assetcatalog; path = Assets.xcassets; sourceTree = "<group>"; };
		837EC871204DA44D008F6BFD /* Base */ = {isa = PBXFileReference; lastKnownFileType = file.storyboard; name = Base; path = Base.lproj/LaunchScreen.storyboard; sourceTree = "<group>"; };
		837EC873204DA44D008F6BFD /* Info.plist */ = {isa = PBXFileReference; lastKnownFileType = text.plist.xml; path = Info.plist; sourceTree = "<group>"; };
		837EC878204DA44D008F6BFD /* Cybe WorldTests.xctest */ = {isa = PBXFileReference; explicitFileType = wrapper.cfbundle; includeInIndex = 0; path = "Cybe WorldTests.xctest"; sourceTree = BUILT_PRODUCTS_DIR; };
		837EC87C204DA44D008F6BFD /* Cybe_WorldTests.swift */ = {isa = PBXFileReference; lastKnownFileType = sourcecode.swift; path = Cybe_WorldTests.swift; sourceTree = "<group>"; };
		837EC87E204DA44D008F6BFD /* Info.plist */ = {isa = PBXFileReference; lastKnownFileType = text.plist.xml; path = Info.plist; sourceTree = "<group>"; };
		837EC883204DA44D008F6BFD /* Cybe WorldUITests.xctest */ = {isa = PBXFileReference; explicitFileType = wrapper.cfbundle; includeInIndex = 0; path = "Cybe WorldUITests.xctest"; sourceTree = BUILT_PRODUCTS_DIR; };
		837EC887204DA44D008F6BFD /* Cybe_WorldUITests.swift */ = {isa = PBXFileReference; lastKnownFileType = sourcecode.swift; path = Cybe_WorldUITests.swift; sourceTree = "<group>"; };
		837EC889204DA44D008F6BFD /* Info.plist */ = {isa = PBXFileReference; lastKnownFileType = text.plist.xml; path = Info.plist; sourceTree = "<group>"; };
		837EC895204DA629008F6BFD /* RandomPoint.swift */ = {isa = PBXFileReference; lastKnownFileType = sourcecode.swift; path = RandomPoint.swift; sourceTree = "<group>"; };
		837EC897204DB1AC008F6BFD /* MapViewController.swift */ = {isa = PBXFileReference; lastKnownFileType = sourcecode.swift; path = MapViewController.swift; sourceTree = "<group>"; };
/* End PBXFileReference section */

/* Begin PBXFrameworksBuildPhase section */
		837EC85F204DA44D008F6BFD /* Frameworks */ = {
			isa = PBXFrameworksBuildPhase;
			buildActionMask = 2147483647;
			files = (
			);
			runOnlyForDeploymentPostprocessing = 0;
		};
		837EC875204DA44D008F6BFD /* Frameworks */ = {
			isa = PBXFrameworksBuildPhase;
			buildActionMask = 2147483647;
			files = (
			);
			runOnlyForDeploymentPostprocessing = 0;
		};
		837EC880204DA44D008F6BFD /* Frameworks */ = {
			isa = PBXFrameworksBuildPhase;
			buildActionMask = 2147483647;
			files = (
			);
			runOnlyForDeploymentPostprocessing = 0;
		};
/* End PBXFrameworksBuildPhase section */

/* Begin PBXGroup section */
		837EC859204DA44D008F6BFD = {
			isa = PBXGroup;
			children = (
				837EC864204DA44D008F6BFD /* Cybe World */,
				837EC87B204DA44D008F6BFD /* Cybe WorldTests */,
				837EC886204DA44D008F6BFD /* Cybe WorldUITests */,
				837EC863204DA44D008F6BFD /* Products */,
			);
			sourceTree = "<group>";
		};
		837EC863204DA44D008F6BFD /* Products */ = {
			isa = PBXGroup;
			children = (
				837EC862204DA44D008F6BFD /* Cybe World.app */,
				837EC878204DA44D008F6BFD /* Cybe WorldTests.xctest */,
				837EC883204DA44D008F6BFD /* Cybe WorldUITests.xctest */,
			);
			name = Products;
			sourceTree = "<group>";
		};
		837EC864204DA44D008F6BFD /* Cybe World */ = {
			isa = PBXGroup;
			children = (
				837EC865204DA44D008F6BFD /* AppDelegate.swift */,
				837EC867204DA44D008F6BFD /* art.scnassets */,
				837EC869204DA44D008F6BFD /* ARViewController.swift */,
				837EC86B204DA44D008F6BFD /* Main.storyboard */,
				837EC86E204DA44D008F6BFD /* Assets.xcassets */,
				837EC870204DA44D008F6BFD /* LaunchScreen.storyboard */,
				837EC873204DA44D008F6BFD /* Info.plist */,
				837EC895204DA629008F6BFD /* RandomPoint.swift */,
				837EC897204DB1AC008F6BFD /* MapViewController.swift */,
			);
			path = "Cybe World";
			sourceTree = "<group>";
		};
		837EC87B204DA44D008F6BFD /* Cybe WorldTests */ = {
			isa = PBXGroup;
			children = (
				837EC87C204DA44D008F6BFD /* Cybe_WorldTests.swift */,
				837EC87E204DA44D008F6BFD /* Info.plist */,
			);
			path = "Cybe WorldTests";
			sourceTree = "<group>";
		};
		837EC886204DA44D008F6BFD /* Cybe WorldUITests */ = {
			isa = PBXGroup;
			children = (
				837EC887204DA44D008F6BFD /* Cybe_WorldUITests.swift */,
				837EC889204DA44D008F6BFD /* Info.plist */,
			);
			path = "Cybe WorldUITests";
			sourceTree = "<group>";
		};
/* End PBXGroup section */

/* Begin PBXNativeTarget section */
		837EC861204DA44D008F6BFD /* Cybe World */ = {
			isa = PBXNativeTarget;
			buildConfigurationList = 837EC88C204DA44D008F6BFD /* Build configuration list for PBXNativeTarget "Cybe World" */;
			buildPhases = (
				837EC85E204DA44D008F6BFD /* Sources */,
				837EC85F204DA44D008F6BFD /* Frameworks */,
				837EC860204DA44D008F6BFD /* Resources */,
			);
			buildRules = (
			);
			dependencies = (
			);
			name = "Cybe World";
			productName = "Cybe World";
			productReference = 837EC862204DA44D008F6BFD /* Cybe World.app */;
			productType = "com.apple.product-type.application";
		};
		837EC877204DA44D008F6BFD /* Cybe WorldTests */ = {
			isa = PBXNativeTarget;
			buildConfigurationList = 837EC88F204DA44D008F6BFD /* Build configuration list for PBXNativeTarget "Cybe WorldTests" */;
			buildPhases = (
				837EC874204DA44D008F6BFD /* Sources */,
				837EC875204DA44D008F6BFD /* Frameworks */,
				837EC876204DA44D008F6BFD /* Resources */,
			);
			buildRules = (
			);
			dependencies = (
				837EC87A204DA44D008F6BFD /* PBXTargetDependency */,
			);
			name = "Cybe WorldTests";
			productName = "Cybe WorldTests";
			productReference = 837EC878204DA44D008F6BFD /* Cybe WorldTests.xctest */;
			productType = "com.apple.product-type.bundle.unit-test";
		};
		837EC882204DA44D008F6BFD /* Cybe WorldUITests */ = {
			isa = PBXNativeTarget;
			buildConfigurationList = 837EC892204DA44D008F6BFD /* Build configuration list for PBXNativeTarget "Cybe WorldUITests" */;
			buildPhases = (
				837EC87F204DA44D008F6BFD /* Sources */,
				837EC880204DA44D008F6BFD /* Frameworks */,
				837EC881204DA44D008F6BFD /* Resources */,
			);
			buildRules = (
			);
			dependencies = (
				837EC885204DA44D008F6BFD /* PBXTargetDependency */,
			);
			name = "Cybe WorldUITests";
			productName = "Cybe WorldUITests";
			productReference = 837EC883204DA44D008F6BFD /* Cybe WorldUITests.xctest */;
			productType = "com.apple.product-type.bundle.ui-testing";
		};
/* End PBXNativeTarget section */

/* Begin PBXProject section */
		837EC85A204DA44D008F6BFD /* Project object */ = {
			isa = PBXProject;
			attributes = {
				LastSwiftUpdateCheck = 0920;
				LastUpgradeCheck = 0920;
				ORGANIZATIONNAME = "Ihor Rudych";
				TargetAttributes = {
					837EC861204DA44D008F6BFD = {
						CreatedOnToolsVersion = 9.2;
						ProvisioningStyle = Automatic;
					};
					837EC877204DA44D008F6BFD = {
						CreatedOnToolsVersion = 9.2;
						ProvisioningStyle = Automatic;
						TestTargetID = 837EC861204DA44D008F6BFD;
					};
					837EC882204DA44D008F6BFD = {
						CreatedOnToolsVersion = 9.2;
						ProvisioningStyle = Automatic;
						TestTargetID = 837EC861204DA44D008F6BFD;
					};
				};
			};
			buildConfigurationList = 837EC85D204DA44D008F6BFD /* Build configuration list for PBXProject "Cybe World" */;
			compatibilityVersion = "Xcode 8.0";
			developmentRegion = en;
			hasScannedForEncodings = 0;
			knownRegions = (
				en,
				Base,
			);
			mainGroup = 837EC859204DA44D008F6BFD;
			productRefGroup = 837EC863204DA44D008F6BFD /* Products */;
			projectDirPath = "";
			projectRoot = "";
			targets = (
				837EC861204DA44D008F6BFD /* Cybe World */,
				837EC877204DA44D008F6BFD /* Cybe WorldTests */,
				837EC882204DA44D008F6BFD /* Cybe WorldUITests */,
			);
		};
/* End PBXProject section */

/* Begin PBXResourcesBuildPhase section */
		837EC860204DA44D008F6BFD /* Resources */ = {
			isa = PBXResourcesBuildPhase;
			buildActionMask = 2147483647;
			files = (
				837EC868204DA44D008F6BFD /* art.scnassets in Resources */,
				837EC872204DA44D008F6BFD /* LaunchScreen.storyboard in Resources */,
				837EC86F204DA44D008F6BFD /* Assets.xcassets in Resources */,
				837EC86D204DA44D008F6BFD /* Main.storyboard in Resources */,
			);
			runOnlyForDeploymentPostprocessing = 0;
		};
		837EC876204DA44D008F6BFD /* Resources */ = {
			isa = PBXResourcesBuildPhase;
			buildActionMask = 2147483647;
			files = (
			);
			runOnlyForDeploymentPostprocessing = 0;
		};
		837EC881204DA44D008F6BFD /* Resources */ = {
			isa = PBXResourcesBuildPhase;
			buildActionMask = 2147483647;
			files = (
			);
			runOnlyForDeploymentPostprocessing = 0;
		};
/* End PBXResourcesBuildPhase section */

/* Begin PBXSourcesBuildPhase section */
		837EC85E204DA44D008F6BFD /* Sources */ = {
			isa = PBXSourcesBuildPhase;
			buildActionMask = 2147483647;
			files = (
				837EC86A204DA44D008F6BFD /* ARViewController.swift in Sources */,
				837EC866204DA44D008F6BFD /* AppDelegate.swift in Sources */,
				837EC896204DA629008F6BFD /* RandomPoint.swift in Sources */,
				837EC898204DB1AC008F6BFD /* MapViewController.swift in Sources */,
			);
			runOnlyForDeploymentPostprocessing = 0;
		};
		837EC874204DA44D008F6BFD /* Sources */ = {
			isa = PBXSourcesBuildPhase;
			buildActionMask = 2147483647;
			files = (
				837EC87D204DA44D008F6BFD /* Cybe_WorldTests.swift in Sources */,
			);
			runOnlyForDeploymentPostprocessing = 0;
		};
		837EC87F204DA44D008F6BFD /* Sources */ = {
			isa = PBXSourcesBuildPhase;
			buildActionMask = 2147483647;
			files = (
				837EC888204DA44D008F6BFD /* Cybe_WorldUITests.swift in Sources */,
			);
			runOnlyForDeploymentPostprocessing = 0;
		};
/* End PBXSourcesBuildPhase section */

/* Begin PBXTargetDependency section */
		837EC87A204DA44D008F6BFD /* PBXTargetDependency */ = {
			isa = PBXTargetDependency;
			target = 837EC861204DA44D008F6BFD /* Cybe World */;
			targetProxy = 837EC879204DA44D008F6BFD /* PBXContainerItemProxy */;
		};
		837EC885204DA44D008F6BFD /* PBXTargetDependency */ = {
			isa = PBXTargetDependency;
			target = 837EC861204DA44D008F6BFD /* Cybe World */;
			targetProxy = 837EC884204DA44D008F6BFD /* PBXContainerItemProxy */;
		};
/* End PBXTargetDependency section */

/* Begin PBXVariantGroup section */
		837EC86B204DA44D008F6BFD /* Main.storyboard */ = {
			isa = PBXVariantGroup;
			children = (
				837EC86C204DA44D008F6BFD /* Base */,
			);
			name = Main.storyboard;
			sourceTree = "<group>";
		};
		837EC870204DA44D008F6BFD /* LaunchScreen.storyboard */ = {
			isa = PBXVariantGroup;
			children = (
				837EC871204DA44D008F6BFD /* Base */,
			);
			name = LaunchScreen.storyboard;
			sourceTree = "<group>";
		};
/* End PBXVariantGroup section */

/* Begin XCBuildConfiguration section */
		837EC88A204DA44D008F6BFD /* Debug */ = {
			isa = XCBuildConfiguration;
			buildSettings = {
				ALWAYS_SEARCH_USER_PATHS = NO;
				CLANG_ANALYZER_NONNULL = YES;
				CLANG_ANALYZER_NUMBER_OBJECT_CONVERSION = YES_AGGRESSIVE;
				CLANG_CXX_LANGUAGE_STANDARD = "gnu++14";
				CLANG_CXX_LIBRARY = "libc++";
				CLANG_ENABLE_MODULES = YES;
				CLANG_ENABLE_OBJC_ARC = YES;
				CLANG_WARN_BLOCK_CAPTURE_AUTORELEASING = YES;
				CLANG_WARN_BOOL_CONVERSION = YES;
				CLANG_WARN_COMMA = YES;
				CLANG_WARN_CONSTANT_CONVERSION = YES;
				CLANG_WARN_DIRECT_OBJC_ISA_USAGE = YES_ERROR;
				CLANG_WARN_DOCUMENTATION_COMMENTS = YES;
				CLANG_WARN_EMPTY_BODY = YES;
				CLANG_WARN_ENUM_CONVERSION = YES;
				CLANG_WARN_INFINITE_RECURSION = YES;
				CLANG_WARN_INT_CONVERSION = YES;
				CLANG_WARN_NON_LITERAL_NULL_CONVERSION = YES;
				CLANG_WARN_OBJC_LITERAL_CONVERSION = YES;
				CLANG_WARN_OBJC_ROOT_CLASS = YES_ERROR;
				CLANG_WARN_RANGE_LOOP_ANALYSIS = YES;
				CLANG_WARN_STRICT_PROTOTYPES = YES;
				CLANG_WARN_SUSPICIOUS_MOVE = YES;
				CLANG_WARN_UNGUARDED_AVAILABILITY = YES_AGGRESSIVE;
				CLANG_WARN_UNREACHABLE_CODE = YES;
				CLANG_WARN__DUPLICATE_METHOD_MATCH = YES;
				CODE_SIGN_IDENTITY = "iPhone Developer";
				COPY_PHASE_STRIP = NO;
				DEBUG_INFORMATION_FORMAT = dwarf;
				ENABLE_STRICT_OBJC_MSGSEND = YES;
				ENABLE_TESTABILITY = YES;
				GCC_C_LANGUAGE_STANDARD = gnu11;
				GCC_DYNAMIC_NO_PIC = NO;
				GCC_NO_COMMON_BLOCKS = YES;
				GCC_OPTIMIZATION_LEVEL = 0;
				GCC_PREPROCESSOR_DEFINITIONS = (
					"DEBUG=1",
					"$(inherited)",
				);
				GCC_WARN_64_TO_32_BIT_CONVERSION = YES;
				GCC_WARN_ABOUT_RETURN_TYPE = YES_ERROR;
				GCC_WARN_UNDECLARED_SELECTOR = YES;
				GCC_WARN_UNINITIALIZED_AUTOS = YES_AGGRESSIVE;
				GCC_WARN_UNUSED_FUNCTION = YES;
				GCC_WARN_UNUSED_VARIABLE = YES;
				IPHONEOS_DEPLOYMENT_TARGET = 11.2;
				MTL_ENABLE_DEBUG_INFO = YES;
				ONLY_ACTIVE_ARCH = YES;
				SDKROOT = iphoneos;
				SWIFT_ACTIVE_COMPILATION_CONDITIONS = DEBUG;
				SWIFT_OPTIMIZATION_LEVEL = "-Onone";
			};
			name = Debug;
		};
		837EC88B204DA44D008F6BFD /* Release */ = {
			isa = XCBuildConfiguration;
			buildSettings = {
				ALWAYS_SEARCH_USER_PATHS = NO;
				CLANG_ANALYZER_NONNULL = YES;
				CLANG_ANALYZER_NUMBER_OBJECT_CONVERSION = YES_AGGRESSIVE;
				CLANG_CXX_LANGUAGE_STANDARD = "gnu++14";
				CLANG_CXX_LIBRARY = "libc++";
				CLANG_ENABLE_MODULES = YES;
				CLANG_ENABLE_OBJC_ARC = YES;
				CLANG_WARN_BLOCK_CAPTURE_AUTORELEASING = YES;
				CLANG_WARN_BOOL_CONVERSION = YES;
				CLANG_WARN_COMMA = YES;
				CLANG_WARN_CONSTANT_CONVERSION = YES;
				CLANG_WARN_DIRECT_OBJC_ISA_USAGE = YES_ERROR;
				CLANG_WARN_DOCUMENTATION_COMMENTS = YES;
				CLANG_WARN_EMPTY_BODY = YES;
				CLANG_WARN_ENUM_CONVERSION = YES;
				CLANG_WARN_INFINITE_RECURSION = YES;
				CLANG_WARN_INT_CONVERSION = YES;
				CLANG_WARN_NON_LITERAL_NULL_CONVERSION = YES;
				CLANG_WARN_OBJC_LITERAL_CONVERSION = YES;
				CLANG_WARN_OBJC_ROOT_CLASS = YES_ERROR;
				CLANG_WARN_RANGE_LOOP_ANALYSIS = YES;
				CLANG_WARN_STRICT_PROTOTYPES = YES;
				CLANG_WARN_SUSPICIOUS_MOVE = YES;
				CLANG_WARN_UNGUARDED_AVAILABILITY = YES_AGGRESSIVE;
				CLANG_WARN_UNREACHABLE_CODE = YES;
				CLANG_WARN__DUPLICATE_METHOD_MATCH = YES;
				CODE_SIGN_IDENTITY = "iPhone Developer";
				COPY_PHASE_STRIP = NO;
				DEBUG_INFORMATION_FORMAT = "dwarf-with-dsym";
				ENABLE_NS_ASSERTIONS = NO;
				ENABLE_STRICT_OBJC_MSGSEND = YES;
				GCC_C_LANGUAGE_STANDARD = gnu11;
				GCC_NO_COMMON_BLOCKS = YES;
				GCC_WARN_64_TO_32_BIT_CONVERSION = YES;
				GCC_WARN_ABOUT_RETURN_TYPE = YES_ERROR;
				GCC_WARN_UNDECLARED_SELECTOR = YES;
				GCC_WARN_UNINITIALIZED_AUTOS = YES_AGGRESSIVE;
				GCC_WARN_UNUSED_FUNCTION = YES;
				GCC_WARN_UNUSED_VARIABLE = YES;
				IPHONEOS_DEPLOYMENT_TARGET = 11.2;
				MTL_ENABLE_DEBUG_INFO = NO;
				SDKROOT = iphoneos;
				SWIFT_OPTIMIZATION_LEVEL = "-Owholemodule";
				VALIDATE_PRODUCT = YES;
			};
			name = Release;
		};
		837EC88D204DA44D008F6BFD /* Debug */ = {
			isa = XCBuildConfiguration;
			buildSettings = {
				ASSETCATALOG_COMPILER_APPICON_NAME = AppIcon;
				CODE_SIGN_STYLE = Automatic;
				DEVELOPMENT_TEAM = P6J58KJAP4;
				INFOPLIST_FILE = "Cybe World/Info.plist";
				LD_RUNPATH_SEARCH_PATHS = "$(inherited) @executable_path/Frameworks";
				PRODUCT_BUNDLE_IDENTIFIER = "com.coristic.Cybe-World";
				PRODUCT_NAME = "$(TARGET_NAME)";
				SWIFT_VERSION = 4.0;
				TARGETED_DEVICE_FAMILY = "1,2";
			};
			name = Debug;
		};
		837EC88E204DA44D008F6BFD /* Release */ = {
			isa = XCBuildConfiguration;
			buildSettings = {
				ASSETCATALOG_COMPILER_APPICON_NAME = AppIcon;
				CODE_SIGN_STYLE = Automatic;
				DEVELOPMENT_TEAM = P6J58KJAP4;
				INFOPLIST_FILE = "Cybe World/Info.plist";
				LD_RUNPATH_SEARCH_PATHS = "$(inherited) @executable_path/Frameworks";
				PRODUCT_BUNDLE_IDENTIFIER = "com.coristic.Cybe-World";
				PRODUCT_NAME = "$(TARGET_NAME)";
				SWIFT_VERSION = 4.0;
				TARGETED_DEVICE_FAMILY = "1,2";
			};
			name = Release;
		};
		837EC890204DA44D008F6BFD /* Debug */ = {
			isa = XCBuildConfiguration;
			buildSettings = {
				ALWAYS_EMBED_SWIFT_STANDARD_LIBRARIES = YES;
				BUNDLE_LOADER = "$(TEST_HOST)";
				CODE_SIGN_STYLE = Automatic;
				DEVELOPMENT_TEAM = P6J58KJAP4;
				INFOPLIST_FILE = "Cybe WorldTests/Info.plist";
				LD_RUNPATH_SEARCH_PATHS = "$(inherited) @executable_path/Frameworks @loader_path/Frameworks";
				PRODUCT_BUNDLE_IDENTIFIER = "com.coristic.Cybe-WorldTests";
				PRODUCT_NAME = "$(TARGET_NAME)";
				SWIFT_VERSION = 4.0;
				TARGETED_DEVICE_FAMILY = "1,2";
				TEST_HOST = "$(BUILT_PRODUCTS_DIR)/Cybe World.app/Cybe World";
			};
			name = Debug;
		};
		837EC891204DA44D008F6BFD /* Release */ = {
			isa = XCBuildConfiguration;
			buildSettings = {
				ALWAYS_EMBED_SWIFT_STANDARD_LIBRARIES = YES;
				BUNDLE_LOADER = "$(TEST_HOST)";
				CODE_SIGN_STYLE = Automatic;
				DEVELOPMENT_TEAM = P6J58KJAP4;
				INFOPLIST_FILE = "Cybe WorldTests/Info.plist";
				LD_RUNPATH_SEARCH_PATHS = "$(inherited) @executable_path/Frameworks @loader_path/Frameworks";
				PRODUCT_BUNDLE_IDENTIFIER = "com.coristic.Cybe-WorldTests";
				PRODUCT_NAME = "$(TARGET_NAME)";
				SWIFT_VERSION = 4.0;
				TARGETED_DEVICE_FAMILY = "1,2";
				TEST_HOST = "$(BUILT_PRODUCTS_DIR)/Cybe World.app/Cybe World";
			};
			name = Release;
		};
		837EC893204DA44D008F6BFD /* Debug */ = {
			isa = XCBuildConfiguration;
			buildSettings = {
				ALWAYS_EMBED_SWIFT_STANDARD_LIBRARIES = YES;
				CODE_SIGN_STYLE = Automatic;
				DEVELOPMENT_TEAM = P6J58KJAP4;
				INFOPLIST_FILE = "Cybe WorldUITests/Info.plist";
				LD_RUNPATH_SEARCH_PATHS = "$(inherited) @executable_path/Frameworks @loader_path/Frameworks";
				PRODUCT_BUNDLE_IDENTIFIER = "com.coristic.Cybe-WorldUITests";
				PRODUCT_NAME = "$(TARGET_NAME)";
				SWIFT_VERSION = 4.0;
				TARGETED_DEVICE_FAMILY = "1,2";
				TEST_TARGET_NAME = "Cybe World";
			};
			name = Debug;
		};
		837EC894204DA44D008F6BFD /* Release */ = {
			isa = XCBuildConfiguration;
			buildSettings = {
				ALWAYS_EMBED_SWIFT_STANDARD_LIBRARIES = YES;
				CODE_SIGN_STYLE = Automatic;
				DEVELOPMENT_TEAM = P6J58KJAP4;
				INFOPLIST_FILE = "Cybe WorldUITests/Info.plist";
				LD_RUNPATH_SEARCH_PATHS = "$(inherited) @executable_path/Frameworks @loader_path/Frameworks";
				PRODUCT_BUNDLE_IDENTIFIER = "com.coristic.Cybe-WorldUITests";
				PRODUCT_NAME = "$(TARGET_NAME)";
				SWIFT_VERSION = 4.0;
				TARGETED_DEVICE_FAMILY = "1,2";
				TEST_TARGET_NAME = "Cybe World";
			};
			name = Release;
		};
/* End XCBuildConfiguration section */

/* Begin XCConfigurationList section */
		837EC85D204DA44D008F6BFD /* Build configuration list for PBXProject "Cybe World" */ = {
			isa = XCConfigurationList;
			buildConfigurations = (
				837EC88A204DA44D008F6BFD /* Debug */,
				837EC88B204DA44D008F6BFD /* Release */,
			);
			defaultConfigurationIsVisible = 0;
			defaultConfigurationName = Release;
		};
		837EC88C204DA44D008F6BFD /* Build configuration list for PBXNativeTarget "Cybe World" */ = {
			isa = XCConfigurationList;
			buildConfigurations = (
				837EC88D204DA44D008F6BFD /* Debug */,
				837EC88E204DA44D008F6BFD /* Release */,
			);
			defaultConfigurationIsVisible = 0;
			defaultConfigurationName = Release;
		};
		837EC88F204DA44D008F6BFD /* Build configuration list for PBXNativeTarget "Cybe WorldTests" */ = {
			isa = XCConfigurationList;
			buildConfigurations = (
				837EC890204DA44D008F6BFD /* Debug */,
				837EC891204DA44D008F6BFD /* Release */,
			);
			defaultConfigurationIsVisible = 0;
			defaultConfigurationName = Release;
		};
		837EC892204DA44D008F6BFD /* Build configuration list for PBXNativeTarget "Cybe WorldUITests" */ = {
			isa = XCConfigurationList;
			buildConfigurations = (
				837EC893204DA44D008F6BFD /* Debug */,
				837EC894204DA44D008F6BFD /* Release */,
			);
			defaultConfigurationIsVisible = 0;
			defaultConfigurationName = Release;
		};
/* End XCConfigurationList section */
	};
	rootObject = 837EC85A204DA44D008F6BFD /* Project object */;
}
